// !$*UTF8*$!
{
	archiveVersion = 1;
	classes = {
	};
	objectVersion = 56;
	objects = {

/* Begin PBXBuildFile section */
		001A80C2147236707CC43341 /* Pods_SNudgebarBV.framework in Frameworks */ = {isa = PBXBuildFile; fileRef = 0BAC33A19CBFD636EB3EE1BD /* Pods_SNudgebarBV.framework */; };
		04E2507C2FCEC11D00902E81 /* Launch Screen.storyboard in Resources */ = {isa = PBXBuildFile; fileRef = 04E2507B2FCEC11D00902E81 /* Launch Screen.storyboard */; };
		7A0000010000000000000001 /* AppDelegate.swift in Sources */ = {isa = PBXBuildFile; fileRef = 7A0000010000000000000101 /* AppDelegate.swift */; };
		7A0000010000000000000002 /* SceneDelegate.swift in Sources */ = {isa = PBXBuildFile; fileRef = 7A0000010000000000000102 /* SceneDelegate.swift */; };
		7A0000010000000000000003 /* BaurbstyleStorebarBV.swift in Sources */ = {isa = PBXBuildFile; fileRef = 7A0000010000000000000103 /* BaurbstyleStorebarBV.swift */; };
		7A0000010000000000000004 /* barbModelsbarBV.swift in Sources */ = {isa = PBXBuildFile; fileRef = 7A0000010000000000000104 /* barbModelsbarBV.swift */; };
		7A0000010000000000000005 /* barbVaultbarBV.swift in Sources */ = {isa = PBXBuildFile; fileRef = 7A0000010000000000000105 /* barbVaultbarBV.swift */; };
		7A0000010000000000000006 /* barbCanvasbarBV.swift in Sources */ = {isa = PBXBuildFile; fileRef = 7A0000010000000000000106 /* barbCanvasbarBV.swift */; };
		7A0000010000000000000007 /* BaurbtabSurfacebarBV.swift in Sources */ = {isa = PBXBuildFile; fileRef = 7A0000010000000000000107 /* BaurbtabSurfacebarBV.swift */; };
		7A0000010000000000000008 /* BaurbhomeSurfacebarBV.swift in Sources */ = {isa = PBXBuildFile; fileRef = 7A0000010000000000000108 /* BaurbhomeSurfacebarBV.swift */; };
		7A0000010000000000000009 /* BaurbinboxSurfacebarBV.swift in Sources */ = {isa = PBXBuildFile; fileRef = 7A0000010000000000000109 /* BaurbinboxSurfacebarBV.swift */; };
		7A000001000000000000000A /* BaurbthreadPagebarBV.swift in Sources */ = {isa = PBXBuildFile; fileRef = 7A000001000000000000010A /* BaurbthreadPagebarBV.swift */; };
		7A000001000000000000000B /* BaurbdraftSurfacebarBV.swift in Sources */ = {isa = PBXBuildFile; fileRef = 7A000001000000000000010B /* BaurbdraftSurfacebarBV.swift */; };
		7A000001000000000000000C /* BaurbcontactSurfacebarBV.swift in Sources */ = {isa = PBXBuildFile; fileRef = 7A000001000000000000010C /* BaurbcontactSurfacebarBV.swift */; };
		7A000001000000000000000D /* BaurbdetailSurface.swift in Sources */ = {isa = PBXBuildFile; fileRef = 7A000001000000000000010D /* BaurbdetailSurface.swift */; };
		7A000001000000000000000E /* BaurbprofileSurfacebarBV.swift in Sources */ = {isa = PBXBuildFile; fileRef = 7A000001000000000000010E /* BaurbprofileSurfacebarBV.swift */; };
		7A000001000000000000000F /* BaurbscanSurfacebarBV.swift in Sources */ = {isa = PBXBuildFile; fileRef = 7A000001000000000000010F /* BaurbscanSurfacebarBV.swift */; };
		7A0000010000000000000010 /* Assets.xcassets in Resources */ = {isa = PBXBuildFile; fileRef = 7A0000010000000000000110 /* Assets.xcassets */; };
		7A0000010000000000000011 /* BaurbsessionStore.swift in Sources */ = {isa = PBXBuildFile; fileRef = 7A0000010000000000000113 /* BaurbsessionStore.swift */; };
		7A0000010000000000000012 /* BaurbBoardPagebarBV.swift in Sources */ = {isa = PBXBuildFile; fileRef = 7A0000010000000000000114 /* BaurbBoardPagebarBV.swift */; };
		7A0000010000000000000013 /* BaurbCreatePagebarBV.swift in Sources */ = {isa = PBXBuildFile; fileRef = 7A0000010000000000000115 /* BaurbCreatePagebarBV.swift */; };
		7A0000010000000000000014 /* BaurbmaterialPage.swift in Sources */ = {isa = PBXBuildFile; fileRef = 7A0000010000000000000116 /* BaurbmaterialPage.swift */; };
		7A0000010000000000000015 /* BaurbagreementPage.swift in Sources */ = {isa = PBXBuildFile; fileRef = 7A0000010000000000000117 /* BaurbagreementPage.swift */; };
		7A0000010000000000000016 /* BaurbpolicyPagebarBV.swift in Sources */ = {isa = PBXBuildFile; fileRef = 7A0000010000000000000118 /* BaurbpolicyPagebarBV.swift */; };
		8B0000010000000000000001 /* ConversationalCohesionSemanticLayerBArb.swift in Sources */ = {isa = PBXBuildFile; fileRef = 8B0000010000000000000101 /* ConversationalCohesionSemanticLayerBArb.swift */; };
		8B0000010000000000000002 /* ReplySuggestionLexicalGraphBArb.swift in Sources */ = {isa = PBXBuildFile; fileRef = 8B0000010000000000000102 /* ReplySuggestionLexicalGraphBArb.swift */; };
		8B0000010000000000000003 /* SemanticEncodingLanguageDecodingBArb.swift in Sources */ = {isa = PBXBuildFile; fileRef = 8B0000010000000000000103 /* SemanticEncodingLanguageDecodingBArb.swift */; };
		8B0000010000000000000004 /* ContextRetentionLexicalAnchorBArb.swift in Sources */ = {isa = PBXBuildFile; fileRef = 8B0000010000000000000104 /* ContextRetentionLexicalAnchorBArb.swift */; };
		8B0000010000000000000005 /* ResponseFormulatorTextPipelineBArb.swift in Sources */ = {isa = PBXBuildFile; fileRef = 8B0000010000000000000105 /* ResponseFormulatorTextPipelineBArb.swift */; };
		8B0000010000000000000006 /* AiQuickReplyMessageTelemetryBArb.swift in Sources */ = {isa = PBXBuildFile; fileRef = 8B0000010000000000000106 /* AiQuickReplyMessageTelemetryBArb.swift */; };
		8B0000010000000000000007 /* NaturalFlowAnimationInterpolationBArb.swift in Sources */ = {isa = PBXBuildFile; fileRef = 8B0000010000000000000107 /* NaturalFlowAnimationInterpolationBArb.swift */; };
		8B0000010000000000000008 /* DialoguePolicyInteractionModelBArb.swift in Sources */ = {isa = PBXBuildFile; fileRef = 8B0000010000000000000108 /* DialoguePolicyInteractionModelBArb.swift */; };
		8B0000010000000000000009 /* ContextEngineRootViewControllerBArb.swift in Sources */ = {isa = PBXBuildFile; fileRef = 8B0000010000000000000109 /* ContextEngineRootViewControllerBArb.swift */; };
		8B000001000000000000000A /* IntentParserRootViewControllerBArb.swift in Sources */ = {isa = PBXBuildFile; fileRef = 8B000001000000000000010A /* IntentParserRootViewControllerBArb.swift */; };
		8B000001000000000000000B /* PhraseSynthesisRootViewControllerBArb.swift in Sources */ = {isa = PBXBuildFile; fileRef = 8B000001000000000000010B /* PhraseSynthesisRootViewControllerBArb.swift */; };
		8B000001000000000000000C /* SemanticEncodingTextFormattingBArb.swift in Sources */ = {isa = PBXBuildFile; fileRef = 8B000001000000000000010C /* SemanticEncodingTextFormattingBArb.swift */; };
		8B000001000000000000000D /* ResponseFormulatorDiagnosticsBArb.swift in Sources */ = {isa = PBXBuildFile; fileRef = 8B000001000000000000010D /* ResponseFormulatorDiagnosticsBArb.swift */; };
		8B000001000000000000000E /* AiQuickReplyMessageTelemetryStoreKitBArb.swift in Sources */ = {isa = PBXBuildFile; fileRef = 8B000001000000000000010E /* AiQuickReplyMessageTelemetryStoreKitBArb.swift */; };
		8B000001000000000000000F /* DialoguePolicyNotificationFlowBArb.swift in Sources */ = {isa = PBXBuildFile; fileRef = 8B000001000000000000010F /* DialoguePolicyNotificationFlowBArb.swift */; };
		8B0000010000000000000010 /* PhraseSynthesisViewHierarchyBArb.swift in Sources */ = {isa = PBXBuildFile; fileRef = 8B0000010000000000000110 /* PhraseSynthesisViewHierarchyBArb.swift */; };
		8B0000010000000000000011 /* PhraseSynthesisDialogueGraphBArb.swift in Sources */ = {isa = PBXBuildFile; fileRef = 8B0000010000000000000111 /* PhraseSynthesisDialogueGraphBArb.swift */; };
		8B0000010000000000000012 /* PhraseSynthesisMessageTelemetryBArb.swift in Sources */ = {isa = PBXBuildFile; fileRef = 8B0000010000000000000112 /* PhraseSynthesisMessageTelemetryBArb.swift */; };
/* End PBXBuildFile section */

/* Begin PBXFileReference section */
		049959A02FE13E9600F87202 /* SNudgebarBV.entitlements */ = {isa = PBXFileReference; lastKnownFileType = text.plist.entitlements; path = SNudgebarBV.entitlements; sourceTree = "<group>"; };
		04E2507B2FCEC11D00902E81 /* Launch Screen.storyboard */ = {isa = PBXFileReference; lastKnownFileType = file.storyboard; path = "Launch Screen.storyboard"; sourceTree = "<group>"; };
		0BAC33A19CBFD636EB3EE1BD /* Pods_SNudgebarBV.framework */ = {isa = PBXFileReference; explicitFileType = wrapper.framework; includeInIndex = 0; path = Pods_SNudgebarBV.framework; sourceTree = BUILT_PRODUCTS_DIR; };
		7A0000010000000000000101 /* AppDelegate.swift */ = {isa = PBXFileReference; lastKnownFileType = sourcecode.swift; path = AppDelegate.swift; sourceTree = "<group>"; };
		7A0000010000000000000102 /* SceneDelegate.swift */ = {isa = PBXFileReference; lastKnownFileType = sourcecode.swift; path = SceneDelegate.swift; sourceTree = "<group>"; };
		7A0000010000000000000103 /* BaurbstyleStorebarBV.swift */ = {isa = PBXFileReference; lastKnownFileType = sourcecode.swift; path = BaurbstyleStorebarBV.swift; sourceTree = "<group>"; };
		7A0000010000000000000104 /* barbModelsbarBV.swift */ = {isa = PBXFileReference; lastKnownFileType = sourcecode.swift; path = barbModelsbarBV.swift; sourceTree = "<group>"; };
		7A0000010000000000000105 /* barbVaultbarBV.swift */ = {isa = PBXFileReference; lastKnownFileType = sourcecode.swift; path = barbVaultbarBV.swift; sourceTree = "<group>"; };
		7A0000010000000000000106 /* barbCanvasbarBV.swift */ = {isa = PBXFileReference; lastKnownFileType = sourcecode.swift; path = barbCanvasbarBV.swift; sourceTree = "<group>"; };
		7A0000010000000000000107 /* BaurbtabSurfacebarBV.swift */ = {isa = PBXFileReference; lastKnownFileType = sourcecode.swift; path = BaurbtabSurfacebarBV.swift; sourceTree = "<group>"; };
		7A0000010000000000000108 /* BaurbhomeSurfacebarBV.swift */ = {isa = PBXFileReference; lastKnownFileType = sourcecode.swift; path = BaurbhomeSurfacebarBV.swift; sourceTree = "<group>"; };
		7A0000010000000000000109 /* BaurbinboxSurfacebarBV.swift */ = {isa = PBXFileReference; lastKnownFileType = sourcecode.swift; path = BaurbinboxSurfacebarBV.swift; sourceTree = "<group>"; };
		7A000001000000000000010A /* BaurbthreadPagebarBV.swift */ = {isa = PBXFileReference; lastKnownFileType = sourcecode.swift; path = BaurbthreadPagebarBV.swift; sourceTree = "<group>"; };
		7A000001000000000000010B /* BaurbdraftSurfacebarBV.swift */ = {isa = PBXFileReference; lastKnownFileType = sourcecode.swift; path = BaurbdraftSurfacebarBV.swift; sourceTree = "<group>"; };
		7A000001000000000000010C /* BaurbcontactSurfacebarBV.swift */ = {isa = PBXFileReference; lastKnownFileType = sourcecode.swift; path = BaurbcontactSurfacebarBV.swift; sourceTree = "<group>"; };
		7A000001000000000000010D /* BaurbdetailSurface.swift */ = {isa = PBXFileReference; lastKnownFileType = sourcecode.swift; path = BaurbdetailSurface.swift; sourceTree = "<group>"; };
		7A000001000000000000010E /* BaurbprofileSurfacebarBV.swift */ = {isa = PBXFileReference; lastKnownFileType = sourcecode.swift; path = BaurbprofileSurfacebarBV.swift; sourceTree = "<group>"; };
		7A000001000000000000010F /* BaurbscanSurfacebarBV.swift */ = {isa = PBXFileReference; lastKnownFileType = sourcecode.swift; path = BaurbscanSurfacebarBV.swift; sourceTree = "<group>"; };
		7A0000010000000000000110 /* Assets.xcassets */ = {isa = PBXFileReference; lastKnownFileType = folder.assetcatalog; path = Assets.xcassets; sourceTree = "<group>"; };
		7A0000010000000000000111 /* Info.plist */ = {isa = PBXFileReference; lastKnownFileType = text.plist.xml; path = Info.plist; sourceTree = "<group>"; };
		7A0000010000000000000112 /* SNudgebarBV.app */ = {isa = PBXFileReference; explicitFileType = wrapper.application; includeInIndex = 0; path = SNudgebarBV.app; sourceTree = BUILT_PRODUCTS_DIR; };
		7A0000010000000000000113 /* BaurbsessionStore.swift */ = {isa = PBXFileReference; lastKnownFileType = sourcecode.swift; path = BaurbsessionStore.swift; sourceTree = "<group>"; };
		7A0000010000000000000114 /* BaurbBoardPagebarBV.swift */ = {isa = PBXFileReference; lastKnownFileType = sourcecode.swift; path = BaurbBoardPagebarBV.swift; sourceTree = "<group>"; };
		7A0000010000000000000115 /* BaurbCreatePagebarBV.swift */ = {isa = PBXFileReference; lastKnownFileType = sourcecode.swift; path = BaurbCreatePagebarBV.swift; sourceTree = "<group>"; };
		7A0000010000000000000116 /* BaurbmaterialPage.swift */ = {isa = PBXFileReference; lastKnownFileType = sourcecode.swift; path = BaurbmaterialPage.swift; sourceTree = "<group>"; };
		7A0000010000000000000117 /* BaurbagreementPage.swift */ = {isa = PBXFileReference; lastKnownFileType = sourcecode.swift; path = BaurbagreementPage.swift; sourceTree = "<group>"; };
		7A0000010000000000000118 /* BaurbpolicyPagebarBV.swift */ = {isa = PBXFileReference; lastKnownFileType = sourcecode.swift; path = BaurbpolicyPagebarBV.swift; sourceTree = "<group>"; };
		8468866B05628F4A88CE00C9 /* Pods-SNudgebarBV.debug.xcconfig */ = {isa = PBXFileReference; includeInIndex = 1; lastKnownFileType = text.xcconfig; name = "Pods-SNudgebarBV.debug.xcconfig"; path = "Target Support Files/Pods-SNudgebarBV/Pods-SNudgebarBV.debug.xcconfig"; sourceTree = "<group>"; };
		8B0000010000000000000101 /* ConversationalCohesionSemanticLayerBArb.swift */ = {isa = PBXFileReference; lastKnownFileType = sourcecode.swift; path = ConversationalCohesionSemanticLayerBArb.swift; sourceTree = "<group>"; };
		8B0000010000000000000102 /* ReplySuggestionLexicalGraphBArb.swift */ = {isa = PBXFileReference; lastKnownFileType = sourcecode.swift; path = ReplySuggestionLexicalGraphBArb.swift; sourceTree = "<group>"; };
		8B0000010000000000000103 /* SemanticEncodingLanguageDecodingBArb.swift */ = {isa = PBXFileReference; lastKnownFileType = sourcecode.swift; path = SemanticEncodingLanguageDecodingBArb.swift; sourceTree = "<group>"; };
		8B0000010000000000000104 /* ContextRetentionLexicalAnchorBArb.swift */ = {isa = PBXFileReference; lastKnownFileType = sourcecode.swift; path = ContextRetentionLexicalAnchorBArb.swift; sourceTree = "<group>"; };
		8B0000010000000000000105 /* ResponseFormulatorTextPipelineBArb.swift */ = {isa = PBXFileReference; lastKnownFileType = sourcecode.swift; path = ResponseFormulatorTextPipelineBArb.swift; sourceTree = "<group>"; };
		8B0000010000000000000106 /* AiQuickReplyMessageTelemetryBArb.swift */ = {isa = PBXFileReference; lastKnownFileType = sourcecode.swift; path = AiQuickReplyMessageTelemetryBArb.swift; sourceTree = "<group>"; };
		8B0000010000000000000107 /* NaturalFlowAnimationInterpolationBArb.swift */ = {isa = PBXFileReference; lastKnownFileType = sourcecode.swift; path = NaturalFlowAnimationInterpolationBArb.swift; sourceTree = "<group>"; };
		8B0000010000000000000108 /* DialoguePolicyInteractionModelBArb.swift */ = {isa = PBXFileReference; lastKnownFileType = sourcecode.swift; path = DialoguePolicyInteractionModelBArb.swift; sourceTree = "<group>"; };
		8B0000010000000000000109 /* ContextEngineRootViewControllerBArb.swift */ = {isa = PBXFileReference; lastKnownFileType = sourcecode.swift; path = ContextEngineRootViewControllerBArb.swift; sourceTree = "<group>"; };
		8B000001000000000000010A /* IntentParserRootViewControllerBArb.swift */ = {isa = PBXFileReference; lastKnownFileType = sourcecode.swift; path = IntentParserRootViewControllerBArb.swift; sourceTree = "<group>"; };
		8B000001000000000000010B /* PhraseSynthesisRootViewControllerBArb.swift */ = {isa = PBXFileReference; lastKnownFileType = sourcecode.swift; path = PhraseSynthesisRootViewControllerBArb.swift; sourceTree = "<group>"; };
		8B000001000000000000010C /* SemanticEncodingTextFormattingBArb.swift */ = {isa = PBXFileReference; lastKnownFileType = sourcecode.swift; path = SemanticEncodingTextFormattingBArb.swift; sourceTree = "<group>"; };
		8B000001000000000000010D /* ResponseFormulatorDiagnosticsBArb.swift */ = {isa = PBXFileReference; lastKnownFileType = sourcecode.swift; path = ResponseFormulatorDiagnosticsBArb.swift; sourceTree = "<group>"; };
		8B000001000000000000010E /* AiQuickReplyMessageTelemetryStoreKitBArb.swift */ = {isa = PBXFileReference; lastKnownFileType = sourcecode.swift; path = AiQuickReplyMessageTelemetryStoreKitBArb.swift; sourceTree = "<group>"; };
		8B000001000000000000010F /* DialoguePolicyNotificationFlowBArb.swift */ = {isa = PBXFileReference; lastKnownFileType = sourcecode.swift; path = DialoguePolicyNotificationFlowBArb.swift; sourceTree = "<group>"; };
		8B0000010000000000000110 /* PhraseSynthesisViewHierarchyBArb.swift */ = {isa = PBXFileReference; lastKnownFileType = sourcecode.swift; path = PhraseSynthesisViewHierarchyBArb.swift; sourceTree = "<group>"; };
		8B0000010000000000000111 /* PhraseSynthesisDialogueGraphBArb.swift */ = {isa = PBXFileReference; lastKnownFileType = sourcecode.swift; path = PhraseSynthesisDialogueGraphBArb.swift; sourceTree = "<group>"; };
		8B0000010000000000000112 /* PhraseSynthesisMessageTelemetryBArb.swift */ = {isa = PBXFileReference; lastKnownFileType = sourcecode.swift; path = PhraseSynthesisMessageTelemetryBArb.swift; sourceTree = "<group>"; };
		CAC7807EBBAC36F8EF7A91CE /* Pods-SNudgebarBV.release.xcconfig */ = {isa = PBXFileReference; includeInIndex = 1; lastKnownFileType = text.xcconfig; name = "Pods-SNudgebarBV.release.xcconfig"; path = "Target Support Files/Pods-SNudgebarBV/Pods-SNudgebarBV.release.xcconfig"; sourceTree = "<group>"; };
/* End PBXFileReference section */

/* Begin PBXFrameworksBuildPhase section */
		7A0000010000000000000201 /* Frameworks */ = {
			isa = PBXFrameworksBuildPhase;
			buildActionMask = 2147483647;
			files = (
				001A80C2147236707CC43341 /* Pods_SNudgebarBV.framework in Frameworks */,
			);
			runOnlyForDeploymentPostprocessing = 0;
		};
/* End PBXFrameworksBuildPhase section */

/* Begin PBXGroup section */
		3F7CA9A8BB59B760E50A6DA8 /* Frameworks */ = {
			isa = PBXGroup;
			children = (
				0BAC33A19CBFD636EB3EE1BD /* Pods_SNudgebarBV.framework */,
			);
			name = Frameworks;
			sourceTree = "<group>";
		};
		495B845853F1D961BD7739F7 /* Pods */ = {
			isa = PBXGroup;
			children = (
				8468866B05628F4A88CE00C9 /* Pods-SNudgebarBV.debug.xcconfig */,
				CAC7807EBBAC36F8EF7A91CE /* Pods-SNudgebarBV.release.xcconfig */,
			);
			path = Pods;
			sourceTree = "<group>";
		};
		7A0000010000000000000301 = {
			isa = PBXGroup;
			children = (
				7A0000010000000000000302 /* SNudgebarBV */,
				7A0000010000000000000303 /* Products */,
				495B845853F1D961BD7739F7 /* Pods */,
				3F7CA9A8BB59B760E50A6DA8 /* Frameworks */,
			);
			sourceTree = "<group>";
		};
		7A0000010000000000000302 /* SNudgebarBV */ = {
			isa = PBXGroup;
			children = (
				049959A02FE13E9600F87202 /* SNudgebarBV.entitlements */,
				8B0000010000000000000301 /* ConversationalCohesionBArb */,
				7A0000010000000000000101 /* AppDelegate.swift */,
				7A0000010000000000000102 /* SceneDelegate.swift */,
				7A0000010000000000000103 /* BaurbstyleStorebarBV.swift */,
				7A0000010000000000000104 /* barbModelsbarBV.swift */,
				7A0000010000000000000105 /* barbVaultbarBV.swift */,
				7A0000010000000000000106 /* barbCanvasbarBV.swift */,
				7A0000010000000000000107 /* BaurbtabSurfacebarBV.swift */,
				7A0000010000000000000108 /* BaurbhomeSurfacebarBV.swift */,
				7A0000010000000000000109 /* BaurbinboxSurfacebarBV.swift */,
				7A000001000000000000010A /* BaurbthreadPagebarBV.swift */,
				7A000001000000000000010B /* BaurbdraftSurfacebarBV.swift */,
				7A000001000000000000010C /* BaurbcontactSurfacebarBV.swift */,
				7A000001000000000000010D /* BaurbdetailSurface.swift */,
				7A000001000000000000010E /* BaurbprofileSurfacebarBV.swift */,
				7A000001000000000000010F /* BaurbscanSurfacebarBV.swift */,
				7A0000010000000000000113 /* BaurbsessionStore.swift */,
				7A0000010000000000000114 /* BaurbBoardPagebarBV.swift */,
				7A0000010000000000000115 /* BaurbCreatePagebarBV.swift */,
				7A0000010000000000000116 /* BaurbmaterialPage.swift */,
				7A0000010000000000000117 /* BaurbagreementPage.swift */,
				7A0000010000000000000118 /* BaurbpolicyPagebarBV.swift */,
				7A0000010000000000000110 /* Assets.xcassets */,
				7A0000010000000000000111 /* Info.plist */,
				04E2507B2FCEC11D00902E81 /* Launch Screen.storyboard */,
			);
			path = SNudgebarBV;
			sourceTree = "<group>";
		};
		7A0000010000000000000303 /* Products */ = {
			isa = PBXGroup;
			children = (
				7A0000010000000000000112 /* SNudgebarBV.app */,
			);
			name = Products;
			sourceTree = "<group>";
		};
		8B0000010000000000000301 /* ConversationalCohesionBArb */ = {
			isa = PBXGroup;
			children = (
				8B0000010000000000000101 /* ConversationalCohesionSemanticLayerBArb.swift */,
				8B0000010000000000000102 /* ReplySuggestionLexicalGraphBArb.swift */,
				8B0000010000000000000103 /* SemanticEncodingLanguageDecodingBArb.swift */,
				8B000001000000000000010C /* SemanticEncodingTextFormattingBArb.swift */,
				8B0000010000000000000104 /* ContextRetentionLexicalAnchorBArb.swift */,
				8B0000010000000000000105 /* ResponseFormulatorTextPipelineBArb.swift */,
				8B000001000000000000010D /* ResponseFormulatorDiagnosticsBArb.swift */,
				8B0000010000000000000106 /* AiQuickReplyMessageTelemetryBArb.swift */,
				8B000001000000000000010E /* AiQuickReplyMessageTelemetryStoreKitBArb.swift */,
				8B0000010000000000000107 /* NaturalFlowAnimationInterpolationBArb.swift */,
				8B0000010000000000000108 /* DialoguePolicyInteractionModelBArb.swift */,
				8B000001000000000000010F /* DialoguePolicyNotificationFlowBArb.swift */,
				8B0000010000000000000109 /* ContextEngineRootViewControllerBArb.swift */,
				8B000001000000000000010A /* IntentParserRootViewControllerBArb.swift */,
				8B000001000000000000010B /* PhraseSynthesisRootViewControllerBArb.swift */,
				8B0000010000000000000110 /* PhraseSynthesisViewHierarchyBArb.swift */,
				8B0000010000000000000111 /* PhraseSynthesisDialogueGraphBArb.swift */,
				8B0000010000000000000112 /* PhraseSynthesisMessageTelemetryBArb.swift */,
			);
			path = ConversationalCohesionBArb;
			sourceTree = "<group>";
		};
/* End PBXGroup section */

/* Begin PBXNativeTarget section */
		7A0000010000000000000401 /* SNudgebarBV */ = {
			isa = PBXNativeTarget;
			buildConfigurationList = 7A0000010000000000000702 /* Build configuration list for PBXNativeTarget "SNudgebarBV" */;
			buildPhases = (
				6B5BE26C9EF2AD551641620A /* [CP] Check Pods Manifest.lock */,
				7A0000010000000000000202 /* Sources */,
				7A0000010000000000000201 /* Frameworks */,
				7A0000010000000000000203 /* Resources */,
				64D60B8DF18D2B6B1C64ABEE /* [CP] Embed Pods Frameworks */,
			);
			buildRules = (
			);
			dependencies = (
			);
			name = SNudgebarBV;
			productName = SNudgebarBV;
			productReference = 7A0000010000000000000112 /* SNudgebarBV.app */;
			productType = "com.apple.product-type.application";
		};
/* End PBXNativeTarget section */

/* Begin PBXProject section */
		7A0000010000000000000501 /* Project object */ = {
			isa = PBXProject;
			attributes = {
				BuildIndependentTargetsInParallel = 1;
				LastSwiftUpdateCheck = 1600;
				LastUpgradeCheck = 1600;
				TargetAttributes = {
					7A0000010000000000000401 = {
						CreatedOnToolsVersion = 16.0;
						SystemCapabilities = {
							com.apple.InAppPurchase = {
								enabled = 1;
							};
						};
					};
				};
			};
			buildConfigurationList = 7A0000010000000000000701 /* Build configuration list for PBXProject "SNudgebarBV" */;
			compatibilityVersion = "Xcode 14.0";
			developmentRegion = en;
			hasScannedForEncodings = 0;
			knownRegions = (
				en,
				Base,
			);
			mainGroup = 7A0000010000000000000301;
			productRefGroup = 7A0000010000000000000303 /* Products */;
			projectDirPath = "";
			projectRoot = "";
			targets = (
				7A0000010000000000000401 /* SNudgebarBV */,
			);
		};
/* End PBXProject section */

/* Begin PBXResourcesBuildPhase section */
		7A0000010000000000000203 /* Resources */ = {
			isa = PBXResourcesBuildPhase;
			buildActionMask = 2147483647;
			files = (
				04E2507C2FCEC11D00902E81 /* Launch Screen.storyboard in Resources */,
				7A0000010000000000000010 /* Assets.xcassets in Resources */,
			);
			runOnlyForDeploymentPostprocessing = 0;
		};
/* End PBXResourcesBuildPhase section */

/* Begin PBXShellScriptBuildPhase section */
		64D60B8DF18D2B6B1C64ABEE /* [CP] Embed Pods Frameworks */ = {
			isa = PBXShellScriptBuildPhase;
			buildActionMask = 2147483647;
			files = (
			);
			inputFileListPaths = (
				"${PODS_ROOT}/Target Support Files/Pods-SNudgebarBV/Pods-SNudgebarBV-frameworks-${CONFIGURATION}-input-files.xcfilelist",
			);
			inputPaths = (
			);
			name = "[CP] Embed Pods Frameworks";
			outputFileListPaths = (
				"${PODS_ROOT}/Target Support Files/Pods-SNudgebarBV/Pods-SNudgebarBV-frameworks-${CONFIGURATION}-output-files.xcfilelist",
			);
			outputPaths = (
			);
			runOnlyForDeploymentPostprocessing = 0;
			shellPath = /bin/sh;
			shellScript = "\"${PODS_ROOT}/Target Support Files/Pods-SNudgebarBV/Pods-SNudgebarBV-frameworks.sh\"\n";
			showEnvVarsInLog = 0;
		};
		6B5BE26C9EF2AD551641620A /* [CP] Check Pods Manifest.lock */ = {
			isa = PBXShellScriptBuildPhase;
			buildActionMask = 2147483647;
			files = (
			);
			inputFileListPaths = (
			);
			inputPaths = (
				"${PODS_PODFILE_DIR_PATH}/Podfile.lock",
				"${PODS_ROOT}/Manifest.lock",
			);
			name = "[CP] Check Pods Manifest.lock";
			outputFileListPaths = (
			);
			outputPaths = (
				"$(DERIVED_FILE_DIR)/Pods-SNudgebarBV-checkManifestLockResult.txt",
			);
			runOnlyForDeploymentPostprocessing = 0;
			shellPath = /bin/sh;
			shellScript = "diff \"${PODS_PODFILE_DIR_PATH}/Podfile.lock\" \"${PODS_ROOT}/Manifest.lock\" > /dev/null\nif [ $? != 0 ] ; then\n    # print error to STDERR\n    echo \"error: The sandbox is not in sync with the Podfile.lock. Run 'pod install' or update your CocoaPods installation.\" >&2\n    exit 1\nfi\n# This output is used by Xcode 'outputs' to avoid re-running this script phase.\necho \"SUCCESS\" > \"${SCRIPT_OUTPUT_FILE_0}\"\n";
			showEnvVarsInLog = 0;
		};
/* End PBXShellScriptBuildPhase section */

/* Begin PBXSourcesBuildPhase section */
		7A0000010000000000000202 /* Sources */ = {
			isa = PBXSourcesBuildPhase;
			buildActionMask = 2147483647;
			files = (
				7A0000010000000000000001 /* AppDelegate.swift in Sources */,
				7A0000010000000000000002 /* SceneDelegate.swift in Sources */,
				7A0000010000000000000003 /* BaurbstyleStorebarBV.swift in Sources */,
				7A0000010000000000000004 /* barbModelsbarBV.swift in Sources */,
				7A0000010000000000000005 /* barbVaultbarBV.swift in Sources */,
				7A0000010000000000000006 /* barbCanvasbarBV.swift in Sources */,
				7A0000010000000000000007 /* BaurbtabSurfacebarBV.swift in Sources */,
				7A0000010000000000000008 /* BaurbhomeSurfacebarBV.swift in Sources */,
				7A0000010000000000000009 /* BaurbinboxSurfacebarBV.swift in Sources */,
				7A000001000000000000000A /* BaurbthreadPagebarBV.swift in Sources */,
				7A000001000000000000000B /* BaurbdraftSurfacebarBV.swift in Sources */,
				7A000001000000000000000C /* BaurbcontactSurfacebarBV.swift in Sources */,
				7A000001000000000000000D /* BaurbdetailSurface.swift in Sources */,
				7A000001000000000000000E /* BaurbprofileSurfacebarBV.swift in Sources */,
				7A000001000000000000000F /* BaurbscanSurfacebarBV.swift in Sources */,
				7A0000010000000000000011 /* BaurbsessionStore.swift in Sources */,
				7A0000010000000000000012 /* BaurbBoardPagebarBV.swift in Sources */,
				7A0000010000000000000013 /* BaurbCreatePagebarBV.swift in Sources */,
				7A0000010000000000000014 /* BaurbmaterialPage.swift in Sources */,
				7A0000010000000000000015 /* BaurbagreementPage.swift in Sources */,
				7A0000010000000000000016 /* BaurbpolicyPagebarBV.swift in Sources */,
				8B0000010000000000000001 /* ConversationalCohesionSemanticLayerBArb.swift in Sources */,
				8B0000010000000000000002 /* ReplySuggestionLexicalGraphBArb.swift in Sources */,
				8B0000010000000000000003 /* SemanticEncodingLanguageDecodingBArb.swift in Sources */,
				8B0000010000000000000004 /* ContextRetentionLexicalAnchorBArb.swift in Sources */,
				8B0000010000000000000005 /* ResponseFormulatorTextPipelineBArb.swift in Sources */,
				8B0000010000000000000006 /* AiQuickReplyMessageTelemetryBArb.swift in Sources */,
				8B0000010000000000000007 /* NaturalFlowAnimationInterpolationBArb.swift in Sources */,
				8B0000010000000000000008 /* DialoguePolicyInteractionModelBArb.swift in Sources */,
				8B0000010000000000000009 /* ContextEngineRootViewControllerBArb.swift in Sources */,
				8B000001000000000000000A /* IntentParserRootViewControllerBArb.swift in Sources */,
				8B000001000000000000000B /* PhraseSynthesisRootViewControllerBArb.swift in Sources */,
				8B000001000000000000000C /* SemanticEncodingTextFormattingBArb.swift in Sources */,
				8B000001000000000000000D /* ResponseFormulatorDiagnosticsBArb.swift in Sources */,
				8B000001000000000000000E /* AiQuickReplyMessageTelemetryStoreKitBArb.swift in Sources */,
				8B000001000000000000000F /* DialoguePolicyNotificationFlowBArb.swift in Sources */,
				8B0000010000000000000010 /* PhraseSynthesisViewHierarchyBArb.swift in Sources */,
				8B0000010000000000000011 /* PhraseSynthesisDialogueGraphBArb.swift in Sources */,
				8B0000010000000000000012 /* PhraseSynthesisMessageTelemetryBArb.swift in Sources */,
			);
			runOnlyForDeploymentPostprocessing = 0;
		};
/* End PBXSourcesBuildPhase section */

/* Begin XCBuildConfiguration section */
		7A0000010000000000000601 /* Debug */ = {
			isa = XCBuildConfiguration;
			buildSettings = {
				ALWAYS_SEARCH_USER_PATHS = NO;
				CLANG_ANALYZER_NONNULL = YES;
				CLANG_ANALYZER_NUMBER_OBJECT_CONVERSION = YES_AGGRESSIVE;
				CLANG_CXX_LANGUAGE_STANDARD = "gnu++20";
				CLANG_ENABLE_MODULES = YES;
				CLANG_ENABLE_OBJC_ARC = YES;
				CLANG_ENABLE_OBJC_WEAK = YES;
				CLANG_WARN_BLOCK_CAPTURE_AUTORELEASING = YES;
				CLANG_WARN_BOOL_CONVERSION = YES;
				CLANG_WARN_COMMA = YES;
				CLANG_WARN_CONSTANT_CONVERSION = YES;
				CLANG_WARN_DEPRECATED_OBJC_IMPLEMENTATIONS = YES;
				CLANG_WARN_DIRECT_OBJC_ISA_USAGE = YES_ERROR;
				CLANG_WARN_DOCUMENTATION_COMMENTS = YES;
				CLANG_WARN_EMPTY_BODY = YES;
				CLANG_WARN_ENUM_CONVERSION = YES;
				CLANG_WARN_INFINITE_RECURSION = YES;
				CLANG_WARN_INT_CONVERSION = YES;
				CLANG_WARN_NON_LITERAL_NULL_CONVERSION = YES;
				CLANG_WARN_OBJC_IMPLICIT_RETAIN_SELF = YES;
				CLANG_WARN_OBJC_LITERAL_CONVERSION = YES;
				CLANG_WARN_OBJC_ROOT_CLASS = YES_ERROR;
				CLANG_WARN_QUOTED_INCLUDE_IN_FRAMEWORK_HEADER = YES;
				CLANG_WARN_RANGE_LOOP_ANALYSIS = YES;
				CLANG_WARN_STRICT_PROTOTYPES = YES;
				CLANG_WARN_SUSPICIOUS_MOVE = YES;
				CLANG_WARN_UNGUARDED_AVAILABILITY = YES_AGGRESSIVE;
				CLANG_WARN_UNREACHABLE_CODE = YES;
				CLANG_WARN__DUPLICATE_METHOD_MATCH = YES;
				COPY_PHASE_STRIP = NO;
				DEBUG_INFORMATION_FORMAT = dwarf;
				ENABLE_STRICT_OBJC_MSGSEND = YES;
				ENABLE_TESTABILITY = YES;
				ENABLE_USER_SCRIPT_SANDBOXING = NO;
				GCC_C_LANGUAGE_STANDARD = gnu17;
				GCC_DYNAMIC_NO_PIC = NO;
				GCC_NO_COMMON_BLOCKS = YES;
				GCC_OPTIMIZATION_LEVEL = 0;
				GCC_PREPROCESSOR_DEFINITIONS = (
					"DEBUG=1",
					"$(inherited)",
				);
				GCC_WARN_64_TO_32_BIT_CONVERSION = YES;
				GCC_WARN_ABOUT_RETURN_TYPE = YES_ERROR;
				GCC_WARN_UNDECLARED_SELECTOR = YES;
				GCC_WARN_UNINITIALIZED_AUTOS = YES_AGGRESSIVE;
				GCC_WARN_UNUSED_FUNCTION = YES;
				GCC_WARN_UNUSED_VARIABLE = YES;
				IPHONEOS_DEPLOYMENT_TARGET = 16.0;
				MTL_ENABLE_DEBUG_INFO = INCLUDE_SOURCE;
				MTL_FAST_MATH = YES;
				ONLY_ACTIVE_ARCH = YES;
				SDKROOT = iphoneos;
				SWIFT_ACTIVE_COMPILATION_CONDITIONS = DEBUG;
				SWIFT_OPTIMIZATION_LEVEL = "-Onone";
			};
			name = Debug;
		};
		7A0000010000000000000602 /* Release */ = {
			isa = XCBuildConfiguration;
			buildSettings = {
				ALWAYS_SEARCH_USER_PATHS = NO;
				CLANG_ANALYZER_NONNULL = YES;
				CLANG_ANALYZER_NUMBER_OBJECT_CONVERSION = YES_AGGRESSIVE;
				CLANG_CXX_LANGUAGE_STANDARD = "gnu++20";
				CLANG_ENABLE_MODULES = YES;
				CLANG_ENABLE_OBJC_ARC = YES;
				CLANG_ENABLE_OBJC_WEAK = YES;
				CLANG_WARN_BLOCK_CAPTURE_AUTORELEASING = YES;
				CLANG_WARN_BOOL_CONVERSION = YES;
				CLANG_WARN_COMMA = YES;
				CLANG_WARN_CONSTANT_CONVERSION = YES;
				CLANG_WARN_DEPRECATED_OBJC_IMPLEMENTATIONS = YES;
				CLANG_WARN_DIRECT_OBJC_ISA_USAGE = YES_ERROR;
				CLANG_WARN_DOCUMENTATION_COMMENTS = YES;
				CLANG_WARN_EMPTY_BODY = YES;
				CLANG_WARN_ENUM_CONVERSION = YES;
				CLANG_WARN_INFINITE_RECURSION = YES;
				CLANG_WARN_INT_CONVERSION = YES;
				CLANG_WARN_NON_LITERAL_NULL_CONVERSION = YES;
				CLANG_WARN_OBJC_IMPLICIT_RETAIN_SELF = YES;
				CLANG_WARN_OBJC_LITERAL_CONVERSION = YES;
				CLANG_WARN_OBJC_ROOT_CLASS = YES_ERROR;
				CLANG_WARN_QUOTED_INCLUDE_IN_FRAMEWORK_HEADER = YES;
				CLANG_WARN_RANGE_LOOP_ANALYSIS = YES;
				CLANG_WARN_STRICT_PROTOTYPES = YES;
				CLANG_WARN_SUSPICIOUS_MOVE = YES;
				CLANG_WARN_UNGUARDED_AVAILABILITY = YES_AGGRESSIVE;
				CLANG_WARN_UNREACHABLE_CODE = YES;
				CLANG_WARN__DUPLICATE_METHOD_MATCH = YES;
				COPY_PHASE_STRIP = NO;
				DEBUG_INFORMATION_FORMAT = "dwarf-with-dsym";
				ENABLE_NS_ASSERTIONS = NO;
				ENABLE_STRICT_OBJC_MSGSEND = YES;
				ENABLE_USER_SCRIPT_SANDBOXING = NO;
				GCC_C_LANGUAGE_STANDARD = gnu17;
				GCC_NO_COMMON_BLOCKS = YES;
				GCC_WARN_64_TO_32_BIT_CONVERSION = YES;
				GCC_WARN_ABOUT_RETURN_TYPE = YES_ERROR;
				GCC_WARN_UNDECLARED_SELECTOR = YES;
				GCC_WARN_UNINITIALIZED_AUTOS = YES_AGGRESSIVE;
				GCC_WARN_UNUSED_FUNCTION = YES;
				GCC_WARN_UNUSED_VARIABLE = YES;
				IPHONEOS_DEPLOYMENT_TARGET = 16.0;
				MTL_ENABLE_DEBUG_INFO = NO;
				MTL_FAST_MATH = YES;
				SDKROOT = iphoneos;
				SWIFT_COMPILATION_MODE = wholemodule;
				VALIDATE_PRODUCT = YES;
			};
			name = Release;
		};
		7A0000010000000000000603 /* Debug */ = {
			isa = XCBuildConfiguration;
			baseConfigurationReference = 8468866B05628F4A88CE00C9 /* Pods-SNudgebarBV.debug.xcconfig */;
			buildSettings = {
				ASSETCATALOG_COMPILER_APPICON_NAME = AppIcon;
				CODE_SIGN_ENTITLEMENTS = SNudgebarBV/SNudgebarBV.entitlements;
				CODE_SIGN_IDENTITY = "Apple Development";
				CODE_SIGN_STYLE = Automatic;
				CURRENT_PROJECT_VERSION = 1;
				DEVELOPMENT_TEAM = "";
				GENERATE_INFOPLIST_FILE = NO;
				INFOPLIST_FILE = SNudgebarBV/Info.plist;
				INFOPLIST_KEY_CFBundleDisplayName = Barb;
				IPHONEOS_DEPLOYMENT_TARGET = 16.0;
				LD_RUNPATH_SEARCH_PATHS = (
					"$(inherited)",
					"@executable_path/Frameworks",
				);
				MARKETING_VERSION = 1.1.0;
				PRODUCT_BUNDLE_IDENTIFIER = com.ludgebar.barb;
				PRODUCT_NAME = "$(TARGET_NAME)";
				PROVISIONING_PROFILE_SPECIFIER = "";
				SUPPORTED_PLATFORMS = "iphoneos iphonesimulator";
				SUPPORTS_MACCATALYST = NO;
				SUPPORTS_MAC_DESIGNED_FOR_IPHONE_IPAD = NO;
				SUPPORTS_XR_DESIGNED_FOR_IPHONE_IPAD = NO;
				SWIFT_EMIT_LOC_STRINGS = YES;
				SWIFT_VERSION = 5.0;
				TARGETED_DEVICE_FAMILY = 1;
			};
			name = Debug;
		};
		7A0000010000000000000604 /* Release */ = {
			isa = XCBuildConfiguration;
			baseConfigurationReference = CAC7807EBBAC36F8EF7A91CE /* Pods-SNudgebarBV.release.xcconfig */;
			buildSettings = {
				ASSETCATALOG_COMPILER_APPICON_NAME = AppIcon;
				CODE_SIGN_ENTITLEMENTS = SNudgebarBV/SNudgebarBV.entitlements;
				CODE_SIGN_IDENTITY = "Apple Development";
				CODE_SIGN_STYLE = Automatic;
				CURRENT_PROJECT_VERSION = 1;
				DEVELOPMENT_TEAM = "";
				GENERATE_INFOPLIST_FILE = NO;
				INFOPLIST_FILE = SNudgebarBV/Info.plist;
				INFOPLIST_KEY_CFBundleDisplayName = Barb;
				IPHONEOS_DEPLOYMENT_TARGET = 16.0;
				LD_RUNPATH_SEARCH_PATHS = (
					"$(inherited)",
					"@executable_path/Frameworks",
				);
				MARKETING_VERSION = 1.1.0;
				PRODUCT_BUNDLE_IDENTIFIER = com.ludgebar.barb;
				PRODUCT_NAME = "$(TARGET_NAME)";
				PROVISIONING_PROFILE_SPECIFIER = "";
				SUPPORTED_PLATFORMS = "iphoneos iphonesimulator";
				SUPPORTS_MACCATALYST = NO;
				SUPPORTS_MAC_DESIGNED_FOR_IPHONE_IPAD = NO;
				SUPPORTS_XR_DESIGNED_FOR_IPHONE_IPAD = NO;
				SWIFT_EMIT_LOC_STRINGS = YES;
				SWIFT_VERSION = 5.0;
				TARGETED_DEVICE_FAMILY = 1;
			};
			name = Release;
		};
/* End XCBuildConfiguration section */

/* Begin XCConfigurationList section */
		7A0000010000000000000701 /* Build configuration list for PBXProject "SNudgebarBV" */ = {
			isa = XCConfigurationList;
			buildConfigurations = (
				7A0000010000000000000601 /* Debug */,
				7A0000010000000000000602 /* Release */,
			);
			defaultConfigurationIsVisible = 0;
			defaultConfigurationName = Release;
		};
		7A0000010000000000000702 /* Build configuration list for PBXNativeTarget "SNudgebarBV" */ = {
			isa = XCConfigurationList;
			buildConfigurations = (
				7A0000010000000000000603 /* Debug */,
				7A0000010000000000000604 /* Release */,
			);
			defaultConfigurationIsVisible = 0;
			defaultConfigurationName = Release;
		};
/* End XCConfigurationList section */
	};
	rootObject = 7A0000010000000000000501 /* Project object */;
}
